
Microsoft Visual Studio Solution File, Format Version 12.00
Project("{FAE04EC0-301F-11D3-BF4B-00C04F79EFBC}") = "KL.Server", "KL\Server\KL.Server.csproj", "{9E312448-912E-4C4B-B68F-36317F17EDA5}"
EndProject
Project("{FAE04EC0-301F-11D3-BF4B-00C04F79EFBC}") = "KL.Client", "KL\Client\KL.Client.csproj", "{317F3068-145B-4DC2-B25D-DDAD636FA9F1}"
EndProject
Project("{FAE04EC0-301F-11D3-BF4B-00C04F79EFBC}") = "KL.Shared", "KL\Shared\KL.Shared.csproj", "{B5190418-D7F2-4E6A-949A-9F3FF674A4F2}"
EndProject
Global
	GlobalSection(SolutionConfigurationPlatforms) = preSolution
		Debug|Any CPU = Debug|Any CPU
		Release|Any CPU = Release|Any CPU
	EndGlobalSection
	GlobalSection(ProjectConfigurationPlatforms) = postSolution
		{9E312448-912E-4C4B-B68F-36317F17EDA5}.Debug|Any CPU.ActiveCfg = Debug|Any CPU
		{9E312448-912E-4C4B-B68F-36317F17EDA5}.Debug|Any CPU.Build.0 = Debug|Any CPU
		{9E312448-912E-4C4B-B68F-36317F17EDA5}.Release|Any CPU.ActiveCfg = Release|Any CPU
		{9E312448-912E-4C4B-B68F-36317F17EDA5}.Release|Any CPU.Build.0 = Release|Any CPU
		{317F3068-145B-4DC2-B25D-DDAD636FA9F1}.Debug|Any CPU.ActiveCfg = Debug|Any CPU
		{317F3068-145B-4DC2-B25D-DDAD636FA9F1}.Debug|Any CPU.Build.0 = Debug|Any CPU
		{317F3068-145B-4DC2-B25D-DDAD636FA9F1}.Release|Any CPU.ActiveCfg = Release|Any CPU
		{317F3068-145B-4DC2-B25D-DDAD636FA9F1}.Release|Any CPU.Build.0 = Release|Any CPU
		{B5190418-D7F2-4E6A-949A-9F3FF674A4F2}.Debug|Any CPU.ActiveCfg = Debug|Any CPU
		{B5190418-D7F2-4E6A-949A-9F3FF674A4F2}.Debug|Any CPU.Build.0 = Debug|Any CPU
		{B5190418-D7F2-4E6A-949A-9F3FF674A4F2}.Release|Any CPU.ActiveCfg = Release|Any CPU
		{B5190418-D7F2-4E6A-949A-9F3FF674A4F2}.Release|Any CPU.Build.0 = Release|Any CPU
	EndGlobalSection
EndGlobal
